
Microsoft Visual Studio Solution File, Format Version 12.00
# Visual Studio Version 16
VisualStudioVersion = 16.0.30804.86
MinimumVisualStudioVersion = 10.0.40219.1
Project("{9A19103F-16F7-4668-BE54-9A1E7A4F7556}") = "BSAdminPanel", "BSAdminPanel\BSAdminPanel.csproj", "{A898F521-AF8A-4377-AD41-95C0463213E6}"
EndProject
Global
	GlobalSection(SolutionConfigurationPlatforms) = preSolution
		Debug|Any CPU = Debug|Any CPU
		Release|Any CPU = Release|Any CPU
	EndGlobalSection
	GlobalSection(ProjectConfigurationPlatforms) = postSolution
		{A898F521-AF8A-4377-AD41-95C0463213E6}.Debug|Any CPU.ActiveCfg = Debug|Any CPU
		{A898F521-AF8A-4377-AD41-95C0463213E6}.Debug|Any CPU.Build.0 = Debug|Any CPU
		{A898F521-AF8A-4377-AD41-95C0463213E6}.Release|Any CPU.ActiveCfg = Release|Any CPU
		{A898F521-AF8A-4377-AD41-95C0463213E6}.Release|Any CPU.Build.0 = Release|Any CPU
	EndGlobalSection
	GlobalSection(SolutionProperties) = preSolution
		HideSolutionNode = FALSE
	EndGlobalSection
	GlobalSection(ExtensibilityGlobals) = postSolution
		SolutionGuid = {5C97A62B-0A1C-41B7-92B4-CBBEDCE87CD4}
	EndGlobalSection
EndGlobal
